
Microsoft Visual Studio Solution File, Format Version 12.00
# Visual Studio Version 17
VisualStudioVersion = 17.6.33829.357
MinimumVisualStudioVersion = 10.0.40219.1
Project("{9A19103F-16F7-4668-BE54-9A1E7A4F7556}") = "project", "project\project.csproj", "{4C4A25D7-D89D-4891-9A63-E001CE3835CD}"
EndProject
Project("{9A19103F-16F7-4668-BE54-9A1E7A4F7556}") = "Entities", "Entities\Entities.csproj", "{8204F1B9-B304-4B3F-A0D6-EE16BD60B8B4}"
EndProject
Project("{9A19103F-16F7-4668-BE54-9A1E7A4F7556}") = "Repositories", "Repositories\Repositories.csproj", "{0BF6B34C-2159-4FE4-91CF-FA8E81E69E57}"
EndProject
Project("{9A19103F-16F7-4668-BE54-9A1E7A4F7556}") = "Services", "Services\Services.csproj", "{BCCDF23D-B724-48CF-BD19-404A56190ED4}"
EndProject
Project("{FAE04EC0-301F-11D3-BF4B-00C04F79EFBC}") = "DTO", "DTO\DTO.csproj", "{ED3B7FE1-2CF1-4DD1-83AD-2FC0B53A5FDA}"
EndProject
Global
	GlobalSection(SolutionConfigurationPlatforms) = preSolution
		Debug|Any CPU = Debug|Any CPU
		Release|Any CPU = Release|Any CPU
	EndGlobalSection
	GlobalSection(ProjectConfigurationPlatforms) = postSolution
		{4C4A25D7-D89D-4891-9A63-E001CE3835CD}.Debug|Any CPU.ActiveCfg = Debug|Any CPU
		{4C4A25D7-D89D-4891-9A63-E001CE3835CD}.Debug|Any CPU.Build.0 = Debug|Any CPU
		{4C4A25D7-D89D-4891-9A63-E001CE3835CD}.Release|Any CPU.ActiveCfg = Release|Any CPU
		{4C4A25D7-D89D-4891-9A63-E001CE3835CD}.Release|Any CPU.Build.0 = Release|Any CPU
		{8204F1B9-B304-4B3F-A0D6-EE16BD60B8B4}.Debug|Any CPU.ActiveCfg = Debug|Any CPU
		{8204F1B9-B304-4B3F-A0D6-EE16BD60B8B4}.Debug|Any CPU.Build.0 = Debug|Any CPU
		{8204F1B9-B304-4B3F-A0D6-EE16BD60B8B4}.Release|Any CPU.ActiveCfg = Release|Any CPU
		{8204F1B9-B304-4B3F-A0D6-EE16BD60B8B4}.Release|Any CPU.Build.0 = Release|Any CPU
		{0BF6B34C-2159-4FE4-91CF-FA8E81E69E57}.Debug|Any CPU.ActiveCfg = Debug|Any CPU
		{0BF6B34C-2159-4FE4-91CF-FA8E81E69E57}.Debug|Any CPU.Build.0 = Debug|Any CPU
		{0BF6B34C-2159-4FE4-91CF-FA8E81E69E57}.Release|Any CPU.ActiveCfg = Release|Any CPU
		{0BF6B34C-2159-4FE4-91CF-FA8E81E69E57}.Release|Any CPU.Build.0 = Release|Any CPU
		{BCCDF23D-B724-48CF-BD19-404A56190ED4}.Debug|Any CPU.ActiveCfg = Debug|Any CPU
		{BCCDF23D-B724-48CF-BD19-404A56190ED4}.Debug|Any CPU.Build.0 = Debug|Any CPU
		{BCCDF23D-B724-48CF-BD19-404A56190ED4}.Release|Any CPU.ActiveCfg = Release|Any CPU
		{BCCDF23D-B724-48CF-BD19-404A56190ED4}.Release|Any CPU.Build.0 = Release|Any CPU
		{ED3B7FE1-2CF1-4DD1-83AD-2FC0B53A5FDA}.Debug|Any CPU.ActiveCfg = Debug|Any CPU
		{ED3B7FE1-2CF1-4DD1-83AD-2FC0B53A5FDA}.Debug|Any CPU.Build.0 = Debug|Any CPU
		{ED3B7FE1-2CF1-4DD1-83AD-2FC0B53A5FDA}.Release|Any CPU.ActiveCfg = Release|Any CPU
		{ED3B7FE1-2CF1-4DD1-83AD-2FC0B53A5FDA}.Release|Any CPU.Build.0 = Release|Any CPU
	EndGlobalSection
	GlobalSection(SolutionProperties) = preSolution
		HideSolutionNode = FALSE
	EndGlobalSection
	GlobalSection(ExtensibilityGlobals) = postSolution
		SolutionGuid = {2DB35DE4-F5F7-42D1-A2E9-63CA67585E6F}
	EndGlobalSection
EndGlobal
